
Microsoft Visual Studio Solution File, Format Version 12.00
# Visual Studio Version 16
VisualStudioVersion = 16.0.30523.141
MinimumVisualStudioVersion = 10.0.40219.1
Project("{FAE04EC0-301F-11D3-BF4B-00C04F79EFBC}") = "RestApiXml", "RestApiXml\RestApiXml.csproj", "{4C8438EF-8DDB-40A8-B573-C283375C7FC7}"
EndProject
Global
	GlobalSection(SolutionConfigurationPlatforms) = preSolution
		Debug|Any CPU = Debug|Any CPU
		Release|Any CPU = Release|Any CPU
	EndGlobalSection
	GlobalSection(ProjectConfigurationPlatforms) = postSolution
		{4C8438EF-8DDB-40A8-B573-C283375C7FC7}.Debug|Any CPU.ActiveCfg = Debug|Any CPU
		{4C8438EF-8DDB-40A8-B573-C283375C7FC7}.Debug|Any CPU.Build.0 = Debug|Any CPU
		{4C8438EF-8DDB-40A8-B573-C283375C7FC7}.Release|Any CPU.ActiveCfg = Release|Any CPU
		{4C8438EF-8DDB-40A8-B573-C283375C7FC7}.Release|Any CPU.Build.0 = Release|Any CPU
	EndGlobalSection
	GlobalSection(SolutionProperties) = preSolution
		HideSolutionNode = FALSE
	EndGlobalSection
	GlobalSection(ExtensibilityGlobals) = postSolution
		SolutionGuid = {835A717B-4CC4-41B5-B9A0-C59249C64709}
	EndGlobalSection
EndGlobal
